# This file is autogenerated, do not edit; changes may be undone by the next 'dep ensure'.


[[projects]]
  branch = "master"
  name = "code.cloudfoundry.org/clock"
  packages = ["."]
  revision = "e9dc86bbf0e5bbe6bf7ff5a6f71e048959b61f71"

[[projects]]
  name = "github.com/Microsoft/ApplicationInsights-Go"
  packages = [
    "appinsights",
    "appinsights/contracts"
  ]
  revision = "3612f58550c1de70f1a110c78c830e55f29aa65d"
  version = "v0.4"

[[projects]]
  name = "github.com/astaxie/beego"
  packages = [
    ".",
    "config",
    "context",
    "context/param",
    "grace",
    "logs",
    "session",
    "toolbox",
    "utils"
  ]
  revision = "bf5c5626ab429e66d88602e1ab1ab5fbf4629a01"
  version = "v1.9.2"

[[projects]]
  name = "github.com/pkg/errors"
  packages = ["."]
  revision = "645ef00459ed84a119197bfb8d8205042c6df63d"
  version = "v0.8.0"

[[projects]]
  name = "github.com/satori/go.uuid"
  packages = ["."]
  revision = "f58768cc1a7a7e77a3bd49e98cdd21419399b6a3"
  version = "v1.2.0"

[[projects]]
  branch = "master"
  name = "github.com/shanepeckham/captureorderack"
  packages = [
    ".",
    "controllers",
    "models",
    "routers"
  ]
  revision = "4b2a351d4a3fbe1e9417650020359c3c1f9e96fc"

[[projects]]
  branch = "master"
  name = "github.com/streadway/amqp"
  packages = ["."]
  revision = "8e4aba63da9fc5571e01c6a45dc809a58cbc5a68"

[[projects]]
  branch = "v2"
  name = "gopkg.in/mgo.v2"
  packages = [
    ".",
    "bson",
    "internal/json",
    "internal/sasl",
    "internal/scram"
  ]
  revision = "3f83fa5005286a7fe593b055f0d7771a7dce4655"

[[projects]]
  name = "pack.ag/amqp"
  packages = [
    ".",
    "internal/testconn"
  ]
  revision = "a0dd226acfbfe50b70ce3380963ed2018ddc68ad"
  version = "v0.4.0"

[solve-meta]
  analyzer-name = "dep"
  analyzer-version = 1
  inputs-digest = "3b8a63a2e7d77942d11b97101a94f9cfb4b21cde38606bc4738bb67f5e692a62"
  solver-name = "gps-cdcl"
  solver-version = 1
